
Microsoft Visual Studio Solution File, Format Version 12.00
# Visual Studio Version 17
VisualStudioVersion = 17.0.32112.339
MinimumVisualStudioVersion = 10.0.40219.1
Project("{FAE04EC0-301F-11D3-BF4B-00C04F79EFBC}") = "Centralizador.Models", "Centralizador.Models\Centralizador.Models.csproj", "{2648743A-641C-455E-8CBA-3DFBF125AF34}"
EndProject
Project("{FAE04EC0-301F-11D3-BF4B-00C04F79EFBC}") = "Centralizador.WinApp", "Centralizador.WinApp\Centralizador.WinApp.csproj", "{830E7CEA-25D3-4FD1-A1FE-13F9FC577D61}"
EndProject
Project("{54435603-DBB4-11D2-8724-00A0C9A8B90C}") = "Setup2022", "Setup2022\Setup2022.vdproj", "{8944A2C8-8630-4F71-A3CA-76C0F3DCFF32}"
EndProject
Global
	GlobalSection(SolutionConfigurationPlatforms) = preSolution
		Debug|Any CPU = Debug|Any CPU
		Release|Any CPU = Release|Any CPU
	EndGlobalSection
	GlobalSection(ProjectConfigurationPlatforms) = postSolution
		{2648743A-641C-455E-8CBA-3DFBF125AF34}.Debug|Any CPU.ActiveCfg = Debug|Any CPU
		{2648743A-641C-455E-8CBA-3DFBF125AF34}.Debug|Any CPU.Build.0 = Debug|Any CPU
		{2648743A-641C-455E-8CBA-3DFBF125AF34}.Release|Any CPU.ActiveCfg = Release|Any CPU
		{2648743A-641C-455E-8CBA-3DFBF125AF34}.Release|Any CPU.Build.0 = Release|Any CPU
		{830E7CEA-25D3-4FD1-A1FE-13F9FC577D61}.Debug|Any CPU.ActiveCfg = Debug|Any CPU
		{830E7CEA-25D3-4FD1-A1FE-13F9FC577D61}.Debug|Any CPU.Build.0 = Debug|Any CPU
		{830E7CEA-25D3-4FD1-A1FE-13F9FC577D61}.Release|Any CPU.ActiveCfg = Release|Any CPU
		{830E7CEA-25D3-4FD1-A1FE-13F9FC577D61}.Release|Any CPU.Build.0 = Release|Any CPU
		{8944A2C8-8630-4F71-A3CA-76C0F3DCFF32}.Debug|Any CPU.ActiveCfg = Debug
		{8944A2C8-8630-4F71-A3CA-76C0F3DCFF32}.Release|Any CPU.ActiveCfg = Release
	EndGlobalSection
	GlobalSection(SolutionProperties) = preSolution
		HideSolutionNode = FALSE
	EndGlobalSection
	GlobalSection(ExtensibilityGlobals) = postSolution
		SolutionGuid = {E557276F-D008-4AEC-B9DC-EA4AF8BB50D5}
	EndGlobalSection
EndGlobal
